// !$*UTF8*$!
{
	archiveVersion = 1;
	classes = {
	};
	objectVersion = 51;
	objects = {

/* Begin PBXBuildFile section */
		08965E3D3E3B52C90733C59D /* ViewController.swift in Sources */ = {isa = PBXBuildFile; fileRef = 4D981842407ABD986A0C80C8 /* ViewController.swift */; };
		21145CCADA05C93B2C33BFD6 /* iOSWithUTProjTests.swift in Sources */ = {isa = PBXBuildFile; fileRef = BC480788C5A2976069F1E84F /* iOSWithUTProjTests.swift */; };
		2594F26E2951B4EF497064DB /* Main.storyboard in Resources */ = {isa = PBXBuildFile; fileRef = 5E63E98B620A722A385AFF5F /* Main.storyboard */; };
		42ABBE1BF455D68B4C2CF32A /* SceneDelegate.swift in Sources */ = {isa = PBXBuildFile; fileRef = 117F9CB549F70AB96DEA2F38 /* SceneDelegate.swift */; };
		7F5C20B6D96474CD156320E8 /* AppDelegate.swift in Sources */ = {isa = PBXBuildFile; fileRef = 9EB4913EE80905F7F7DB1DF2 /* AppDelegate.swift */; };
		DAC2DAAE738C40308CA1DF56 /* LaunchScreen.storyboard in Resources */ = {isa = PBXBuildFile; fileRef = 7624B78A00B06B805F5E2D2B /* LaunchScreen.storyboard */; };
		E7C445684486F55EE031EEB6 /* Assets.xcassets in Resources */ = {isa = PBXBuildFile; fileRef = 5F8C09E5F4E83532F53A2FC3 /* Assets.xcassets */; };
/* End PBXBuildFile section */

/* Begin PBXContainerItemProxy section */
		6F0F062F4AC5DE275D42EE9D /* PBXContainerItemProxy */ = {
			isa = PBXContainerItemProxy;
			containerPortal = 4851D3C335BAA3B384ABD27F /* Project object */;
			proxyType = 1;
			remoteGlobalIDString = F22F8A8A1FBE282119CA4A6A;
			remoteInfo = iOSWithCarthageProj;
		};
/* End PBXContainerItemProxy section */

/* Begin PBXFileReference section */
		117F9CB549F70AB96DEA2F38 /* SceneDelegate.swift */ = {isa = PBXFileReference; lastKnownFileType = sourcecode.swift; path = SceneDelegate.swift; sourceTree = "<group>"; };
		37A3CD24767F3F634F025CBE /* Info.plist */ = {isa = PBXFileReference; lastKnownFileType = text.plist; path = Info.plist; sourceTree = "<group>"; };
		4D981842407ABD986A0C80C8 /* ViewController.swift */ = {isa = PBXFileReference; lastKnownFileType = sourcecode.swift; path = ViewController.swift; sourceTree = "<group>"; };
		4EF75212FE64B73803F2DE75 /* Info.plist */ = {isa = PBXFileReference; lastKnownFileType = text.plist; path = Info.plist; sourceTree = "<group>"; };
		535F086B742C67DC1118EF0C /* iOSWithUTProjTests.xctest */ = {isa = PBXFileReference; includeInIndex = 0; lastKnownFileType = wrapper.cfbundle; path = iOSWithUTProjTests.xctest; sourceTree = BUILT_PRODUCTS_DIR; };
		5F8C09E5F4E83532F53A2FC3 /* Assets.xcassets */ = {isa = PBXFileReference; lastKnownFileType = folder.assetcatalog; path = Assets.xcassets; sourceTree = "<group>"; };
		9EB4913EE80905F7F7DB1DF2 /* AppDelegate.swift */ = {isa = PBXFileReference; lastKnownFileType = sourcecode.swift; path = AppDelegate.swift; sourceTree = "<group>"; };
		BC480788C5A2976069F1E84F /* iOSWithUTProjTests.swift */ = {isa = PBXFileReference; lastKnownFileType = sourcecode.swift; path = iOSWithUTProjTests.swift; sourceTree = "<group>"; };
		C45D6950D5D78BD4F99C3285 /* iOSWithCarthageProj.app */ = {isa = PBXFileReference; includeInIndex = 0; lastKnownFileType = wrapper.application; path = iOSWithCarthageProj.app; sourceTree = BUILT_PRODUCTS_DIR; };
		C6BE65E868303F76DDAB9820 /* Base */ = {isa = PBXFileReference; lastKnownFileType = file.storyboard; name = Base; path = Base.lproj/Main.storyboard; sourceTree = "<group>"; };
		CF38F0F34469F9C6E33122C2 /* Base */ = {isa = PBXFileReference; lastKnownFileType = file.storyboard; name = Base; path = Base.lproj/LaunchScreen.storyboard; sourceTree = "<group>"; };
/* End PBXFileReference section */

/* Begin PBXGroup section */
		2A5FDFAA9C97E615CA96A0D1 /* iOSWithCarthageProjTests */ = {
			isa = PBXGroup;
			children = (
				4EF75212FE64B73803F2DE75 /* Info.plist */,
				BC480788C5A2976069F1E84F /* iOSWithUTProjTests.swift */,
			);
			path = iOSWithCarthageProjTests;
			sourceTree = "<group>";
		};
		39812733E8E639C4F2AAE839 /* iOSWithCarthageProj */ = {
			isa = PBXGroup;
			children = (
				9EB4913EE80905F7F7DB1DF2 /* AppDelegate.swift */,
				5F8C09E5F4E83532F53A2FC3 /* Assets.xcassets */,
				37A3CD24767F3F634F025CBE /* Info.plist */,
				7624B78A00B06B805F5E2D2B /* LaunchScreen.storyboard */,
				5E63E98B620A722A385AFF5F /* Main.storyboard */,
				117F9CB549F70AB96DEA2F38 /* SceneDelegate.swift */,
				4D981842407ABD986A0C80C8 /* ViewController.swift */,
			);
			path = iOSWithCarthageProj;
			sourceTree = "<group>";
		};
		9BAAEE692CAD6A5769331731 = {
			isa = PBXGroup;
			children = (
				39812733E8E639C4F2AAE839 /* iOSWithCarthageProj */,
				2A5FDFAA9C97E615CA96A0D1 /* iOSWithCarthageProjTests */,
				C18FFAEFCB128FA28540DE7D /* Products */,
			);
			sourceTree = "<group>";
		};
		C18FFAEFCB128FA28540DE7D /* Products */ = {
			isa = PBXGroup;
			children = (
				C45D6950D5D78BD4F99C3285 /* iOSWithCarthageProj.app */,
				535F086B742C67DC1118EF0C /* iOSWithUTProjTests.xctest */,
			);
			name = Products;
			sourceTree = "<group>";
		};
/* End PBXGroup section */

/* Begin PBXNativeTarget section */
		5F83D2F516B08100DE6CEE56 /* iOSWithUTProjTests */ = {
			isa = PBXNativeTarget;
			buildConfigurationList = 80DBEF15564BE7A6F47F918F /* Build configuration list for PBXNativeTarget "iOSWithUTProjTests" */;
			buildPhases = (
				94DF6F46A1C2E403FE93DCF4 /* Sources */,
			);
			buildRules = (
			);
			dependencies = (
				E9D0D75A632641EA37DBA991 /* PBXTargetDependency */,
			);
			name = iOSWithUTProjTests;
			productName = iOSWithUTProjTests;
			productReference = 535F086B742C67DC1118EF0C /* iOSWithUTProjTests.xctest */;
			productType = "com.apple.product-type.bundle.unit-test";
		};
		F22F8A8A1FBE282119CA4A6A /* iOSWithCarthageProj */ = {
			isa = PBXNativeTarget;
			buildConfigurationList = A62C81BFA628B06BC98CE429 /* Build configuration list for PBXNativeTarget "iOSWithCarthageProj" */;
			buildPhases = (
				1FC72CAC35F297ECFA631C98 /* Sources */,
				7DA11A409C2D5C65B5F9BEDD /* Resources */,
			);
			buildRules = (
			);
			dependencies = (
			);
			name = iOSWithCarthageProj;
			productName = iOSWithCarthageProj;
			productReference = C45D6950D5D78BD4F99C3285 /* iOSWithCarthageProj.app */;
			productType = "com.apple.product-type.application";
		};
/* End PBXNativeTarget section */

/* Begin PBXProject section */
		4851D3C335BAA3B384ABD27F /* Project object */ = {
			isa = PBXProject;
			attributes = {
				LastUpgradeCheck = 1020;
				TargetAttributes = {
				};
			};
			buildConfigurationList = 1334C673E5526157166CE20D /* Build configuration list for PBXProject "iOSWithCarthageProj" */;
			compatibilityVersion = "Xcode 10.0";
			developmentRegion = en;
			hasScannedForEncodings = 0;
			knownRegions = (
				Base,
			);
			mainGroup = 9BAAEE692CAD6A5769331731;
			projectDirPath = "";
			projectRoot = "";
			targets = (
				F22F8A8A1FBE282119CA4A6A /* iOSWithCarthageProj */,
				5F83D2F516B08100DE6CEE56 /* iOSWithUTProjTests */,
			);
		};
/* End PBXProject section */

/* Begin PBXResourcesBuildPhase section */
		7DA11A409C2D5C65B5F9BEDD /* Resources */ = {
			isa = PBXResourcesBuildPhase;
			buildActionMask = 2147483647;
			files = (
				E7C445684486F55EE031EEB6 /* Assets.xcassets in Resources */,
				DAC2DAAE738C40308CA1DF56 /* LaunchScreen.storyboard in Resources */,
				2594F26E2951B4EF497064DB /* Main.storyboard in Resources */,
			);
			runOnlyForDeploymentPostprocessing = 0;
		};
/* End PBXResourcesBuildPhase section */

/* Begin PBXSourcesBuildPhase section */
		1FC72CAC35F297ECFA631C98 /* Sources */ = {
			isa = PBXSourcesBuildPhase;
			buildActionMask = 2147483647;
			files = (
				7F5C20B6D96474CD156320E8 /* AppDelegate.swift in Sources */,
				42ABBE1BF455D68B4C2CF32A /* SceneDelegate.swift in Sources */,
				08965E3D3E3B52C90733C59D /* ViewController.swift in Sources */,
			);
			runOnlyForDeploymentPostprocessing = 0;
		};
		94DF6F46A1C2E403FE93DCF4 /* Sources */ = {
			isa = PBXSourcesBuildPhase;
			buildActionMask = 2147483647;
			files = (
				21145CCADA05C93B2C33BFD6 /* iOSWithUTProjTests.swift in Sources */,
			);
			runOnlyForDeploymentPostprocessing = 0;
		};
/* End PBXSourcesBuildPhase section */

/* Begin PBXTargetDependency section */
		E9D0D75A632641EA37DBA991 /* PBXTargetDependency */ = {
			isa = PBXTargetDependency;
			target = F22F8A8A1FBE282119CA4A6A /* iOSWithCarthageProj */;
			targetProxy = 6F0F062F4AC5DE275D42EE9D /* PBXContainerItemProxy */;
		};
/* End PBXTargetDependency section */

/* Begin PBXVariantGroup section */
		5E63E98B620A722A385AFF5F /* Main.storyboard */ = {
			isa = PBXVariantGroup;
			children = (
				C6BE65E868303F76DDAB9820 /* Base */,
			);
			name = Main.storyboard;
			sourceTree = "<group>";
		};
		7624B78A00B06B805F5E2D2B /* LaunchScreen.storyboard */ = {
			isa = PBXVariantGroup;
			children = (
				CF38F0F34469F9C6E33122C2 /* Base */,
			);
			name = LaunchScreen.storyboard;
			sourceTree = "<group>";
		};
/* End PBXVariantGroup section */

/* Begin XCBuildConfiguration section */
		1E395EBCC2DA6F2BAE8603C8 /* Debug */ = {
			isa = XCBuildConfiguration;
			buildSettings = {
				BUNDLE_LOADER = "$(TEST_HOST)";
				INFOPLIST_FILE = iOSWithCarthageProjTests/Info.plist;
				LD_RUNPATH_SEARCH_PATHS = (
					"$(inherited)",
					"@executable_path/Frameworks",
					"@loader_path/Frameworks",
				);
				PRODUCT_BUNDLE_IDENTIFIER = com.mothule.iOSWithUTProjTests;
				SDKROOT = iphoneos;
				TARGETED_DEVICE_FAMILY = "1,2";
				TEST_HOST = "$(BUILT_PRODUCTS_DIR)/iOSWithCarthageProj.app/iOSWithCarthageProj";
			};
			name = Debug;
		};
		6F4CCC59DC6DE0644B419AD8 /* Release */ = {
			isa = XCBuildConfiguration;
			buildSettings = {
				ASSETCATALOG_COMPILER_APPICON_NAME = AppIcon;
				CODE_SIGN_IDENTITY = "iPhone Developer";
				INFOPLIST_FILE = iOSWithCarthageProj/Info.plist;
				LD_RUNPATH_SEARCH_PATHS = (
					"$(inherited)",
					"@executable_path/Frameworks",
				);
				PRODUCT_BUNDLE_IDENTIFIER = com.mothule.iOSWithCarthageProj;
				SDKROOT = iphoneos;
				TARGETED_DEVICE_FAMILY = "1,2";
			};
			name = Release;
		};
		9B2645B5FA516FDE0105A24B /* Debug */ = {
			isa = XCBuildConfiguration;
			buildSettings = {
				ASSETCATALOG_COMPILER_APPICON_NAME = AppIcon;
				CODE_SIGN_IDENTITY = "iPhone Developer";
				INFOPLIST_FILE = iOSWithCarthageProj/Info.plist;
				LD_RUNPATH_SEARCH_PATHS = (
					"$(inherited)",
					"@executable_path/Frameworks",
				);
				PRODUCT_BUNDLE_IDENTIFIER = com.mothule.iOSWithCarthageProj;
				SDKROOT = iphoneos;
				TARGETED_DEVICE_FAMILY = "1,2";
			};
			name = Debug;
		};
		B795F22791232090E2F3F29D /* Release */ = {
			isa = XCBuildConfiguration;
			buildSettings = {
				BUNDLE_LOADER = "$(TEST_HOST)";
				INFOPLIST_FILE = iOSWithCarthageProjTests/Info.plist;
				LD_RUNPATH_SEARCH_PATHS = (
					"$(inherited)",
					"@executable_path/Frameworks",
					"@loader_path/Frameworks",
				);
				PRODUCT_BUNDLE_IDENTIFIER = com.mothule.iOSWithUTProjTests;
				SDKROOT = iphoneos;
				TARGETED_DEVICE_FAMILY = "1,2";
				TEST_HOST = "$(BUILT_PRODUCTS_DIR)/iOSWithCarthageProj.app/iOSWithCarthageProj";
			};
			name = Release;
		};
		D16469013AB959D99E91E9EC /* Release */ = {
			isa = XCBuildConfiguration;
			buildSettings = {
				ALWAYS_SEARCH_USER_PATHS = NO;
				CLANG_ANALYZER_NONNULL = YES;
				CLANG_ANALYZER_NUMBER_OBJECT_CONVERSION = YES_AGGRESSIVE;
				CLANG_CXX_LANGUAGE_STANDARD = "gnu++14";
				CLANG_CXX_LIBRARY = "libc++";
				CLANG_ENABLE_MODULES = YES;
				CLANG_ENABLE_OBJC_ARC = YES;
				CLANG_WARN_BLOCK_CAPTURE_AUTORELEASING = YES;
				CLANG_WARN_BOOL_CONVERSION = YES;
				CLANG_WARN_COMMA = YES;
				CLANG_WARN_CONSTANT_CONVERSION = YES;
				CLANG_WARN_DEPRECATED_OBJC_IMPLEMENTATIONS = YES;
				CLANG_WARN_DIRECT_OBJC_ISA_USAGE = YES_ERROR;
				CLANG_WARN_DOCUMENTATION_COMMENTS = YES;
				CLANG_WARN_EMPTY_BODY = YES;
				CLANG_WARN_ENUM_CONVERSION = YES;
				CLANG_WARN_INFINITE_RECURSION = YES;
				CLANG_WARN_INT_CONVERSION = YES;
				CLANG_WARN_NON_LITERAL_NULL_CONVERSION = YES;
				CLANG_WARN_OBJC_IMPLICIT_RETAIN_SELF = YES;
				CLANG_WARN_OBJC_LITERAL_CONVERSION = YES;
				CLANG_WARN_OBJC_ROOT_CLASS = YES_ERROR;
				CLANG_WARN_RANGE_LOOP_ANALYSIS = YES;
				CLANG_WARN_STRICT_PROTOTYPES = YES;
				CLANG_WARN_SUSPICIOUS_MOVE = YES;
				CLANG_WARN_UNGUARDED_AVAILABILITY = YES_AGGRESSIVE;
				CLANG_WARN_UNREACHABLE_CODE = YES;
				CLANG_WARN__DUPLICATE_METHOD_MATCH = YES;
				COPY_PHASE_STRIP = NO;
				DEBUG_INFORMATION_FORMAT = "dwarf-with-dsym";
				ENABLE_NS_ASSERTIONS = NO;
				ENABLE_STRICT_OBJC_MSGSEND = YES;
				GCC_C_LANGUAGE_STANDARD = gnu11;
				GCC_NO_COMMON_BLOCKS = YES;
				GCC_WARN_64_TO_32_BIT_CONVERSION = YES;
				GCC_WARN_ABOUT_RETURN_TYPE = YES_ERROR;
				GCC_WARN_UNDECLARED_SELECTOR = YES;
				GCC_WARN_UNINITIALIZED_AUTOS = YES_AGGRESSIVE;
				GCC_WARN_UNUSED_FUNCTION = YES;
				GCC_WARN_UNUSED_VARIABLE = YES;
				PRODUCT_NAME = "$(TARGET_NAME)";
				SDKROOT = iphoneos;
				SWIFT_COMPILATION_MODE = wholemodule;
				SWIFT_VERSION = 5.0;
				VALIDATE_PRODUCT = YES;
			};
			name = Release;
		};
		F232069A3A71B75E12D9C544 /* Debug */ = {
			isa = XCBuildConfiguration;
			buildSettings = {
				ALWAYS_SEARCH_USER_PATHS = NO;
				CLANG_ANALYZER_NONNULL = YES;
				CLANG_ANALYZER_NUMBER_OBJECT_CONVERSION = YES_AGGRESSIVE;
				CLANG_CXX_LANGUAGE_STANDARD = "gnu++14";
				CLANG_CXX_LIBRARY = "libc++";
				CLANG_ENABLE_MODULES = YES;
				CLANG_ENABLE_OBJC_ARC = YES;
				CLANG_WARN_BLOCK_CAPTURE_AUTORELEASING = YES;
				CLANG_WARN_BOOL_CONVERSION = YES;
				CLANG_WARN_COMMA = YES;
				CLANG_WARN_CONSTANT_CONVERSION = YES;
				CLANG_WARN_DEPRECATED_OBJC_IMPLEMENTATIONS = YES;
				CLANG_WARN_DIRECT_OBJC_ISA_USAGE = YES_ERROR;
				CLANG_WARN_DOCUMENTATION_COMMENTS = YES;
				CLANG_WARN_EMPTY_BODY = YES;
				CLANG_WARN_ENUM_CONVERSION = YES;
				CLANG_WARN_INFINITE_RECURSION = YES;
				CLANG_WARN_INT_CONVERSION = YES;
				CLANG_WARN_NON_LITERAL_NULL_CONVERSION = YES;
				CLANG_WARN_OBJC_IMPLICIT_RETAIN_SELF = YES;
				CLANG_WARN_OBJC_LITERAL_CONVERSION = YES;
				CLANG_WARN_OBJC_ROOT_CLASS = YES_ERROR;
				CLANG_WARN_RANGE_LOOP_ANALYSIS = YES;
				CLANG_WARN_STRICT_PROTOTYPES = YES;
				CLANG_WARN_SUSPICIOUS_MOVE = YES;
				CLANG_WARN_UNGUARDED_AVAILABILITY = YES_AGGRESSIVE;
				CLANG_WARN_UNREACHABLE_CODE = YES;
				CLANG_WARN__DUPLICATE_METHOD_MATCH = YES;
				COPY_PHASE_STRIP = NO;
				DEBUG_INFORMATION_FORMAT = dwarf;
				ENABLE_STRICT_OBJC_MSGSEND = YES;
				ENABLE_TESTABILITY = YES;
				GCC_C_LANGUAGE_STANDARD = gnu11;
				GCC_DYNAMIC_NO_PIC = NO;
				GCC_NO_COMMON_BLOCKS = YES;
				GCC_OPTIMIZATION_LEVEL = 0;
				GCC_PREPROCESSOR_DEFINITIONS = (
					"$(inherited)",
					"DEBUG=1",
				);
				GCC_WARN_64_TO_32_BIT_CONVERSION = YES;
				GCC_WARN_ABOUT_RETURN_TYPE = YES_ERROR;
				GCC_WARN_UNDECLARED_SELECTOR = YES;
				GCC_WARN_UNINITIALIZED_AUTOS = YES_AGGRESSIVE;
				GCC_WARN_UNUSED_FUNCTION = YES;
				GCC_WARN_UNUSED_VARIABLE = YES;
				MTL_ENABLE_DEBUG_INFO = YES;
				ONLY_ACTIVE_ARCH = YES;
				PRODUCT_NAME = "$(TARGET_NAME)";
				SDKROOT = iphoneos;
				SWIFT_ACTIVE_COMPILATION_CONDITIONS = DEBUG;
				SWIFT_OPTIMIZATION_LEVEL = "-Onone";
				SWIFT_VERSION = 5.0;
			};
			name = Debug;
		};
/* End XCBuildConfiguration section */

/* Begin XCConfigurationList section */
		1334C673E5526157166CE20D /* Build configuration list for PBXProject "iOSWithCarthageProj" */ = {
			isa = XCConfigurationList;
			buildConfigurations = (
				F232069A3A71B75E12D9C544 /* Debug */,
				D16469013AB959D99E91E9EC /* Release */,
			);
			defaultConfigurationIsVisible = 0;
			defaultConfigurationName = Debug;
		};
		80DBEF15564BE7A6F47F918F /* Build configuration list for PBXNativeTarget "iOSWithUTProjTests" */ = {
			isa = XCConfigurationList;
			buildConfigurations = (
				1E395EBCC2DA6F2BAE8603C8 /* Debug */,
				B795F22791232090E2F3F29D /* Release */,
			);
			defaultConfigurationIsVisible = 0;
			defaultConfigurationName = Debug;
		};
		A62C81BFA628B06BC98CE429 /* Build configuration list for PBXNativeTarget "iOSWithCarthageProj" */ = {
			isa = XCConfigurationList;
			buildConfigurations = (
				9B2645B5FA516FDE0105A24B /* Debug */,
				6F4CCC59DC6DE0644B419AD8 /* Release */,
			);
			defaultConfigurationIsVisible = 0;
			defaultConfigurationName = Debug;
		};
/* End XCConfigurationList section */
	};
	rootObject = 4851D3C335BAA3B384ABD27F /* Project object */;
}
